PODS:
  - AVOSCloud (10.0.2)
  - Flutter (1.0.0)
  - image_picker (0.0.1):
    - Flutter
  - path_provider (0.0.1):
    - Flutter
  - shared_preferences (0.0.1):
    - Flutter

DEPENDENCIES:
  - AVOSCloud
  - Flutter (from `Pods/.symlinks/flutter/ios-release`)
  - image_picker (from `Pods/.symlinks/plugins/image_picker/ios`)
  - path_provider (from `Pods/.symlinks/plugins/path_provider/ios`)
  - shared_preferences (from `Pods/.symlinks/plugins/shared_preferences/ios`)

SPEC REPOS:
  https://github.com/cocoapods/specs.git:
    - AVOSCloud

EXTERNAL SOURCES:
  Flutter:
    :path: Pods/.symlinks/flutter/ios-release
  image_picker:
    :path: Pods/.symlinks/plugins/image_picker/ios
  path_provider:
    :path: Pods/.symlinks/plugins/path_provider/ios
  shared_preferences:
    :path: Pods/.symlinks/plugins/shared_preferences/ios

SPEC CHECKSUMS:
  AVOSCloud: bfd439e58b0306e40fbcf8791d28ae906a51a73d
  Flutter: 9d0fac939486c9aba2809b7982dfdbb47a7b0296
  image_picker: ee00aab0487cedc80a304085219503cc6d0f2e22
  path_provider: 09407919825bfe3c2deae39453b7a5b44f467873
  shared_preferences: 5a1d487c427ee18fcd3ea1f2a131569481834b53

PODFILE CHECKSUM: 0fb69165bc1fcc856e00cf542e6dfa943b205f70

COCOAPODS: 1.5.2
